// !$*UTF8*$!
{
	archiveVersion = 1;
	classes = {
	};
	objectVersion = 46;
	objects = {

/* Begin PBXBuildFile section */
		6B82714256989D69FE5F8A6F /* Pods_MyWeatherUITests.framework in Frameworks */ = {isa = PBXBuildFile; fileRef = 31B6EADB6BF4C0A063DC87DE /* Pods_MyWeatherUITests.framework */; };
		8D3390AD032D85940A9D457C /* Pods_MyWeather.framework in Frameworks */ = {isa = PBXBuildFile; fileRef = 29745254E8CC9CCFF37E8881 /* Pods_MyWeather.framework */; };
		A01CD4791F1658CE0024519C /* AppDelegate.swift in Sources */ = {isa = PBXBuildFile; fileRef = A01CD4781F1658CE0024519C /* AppDelegate.swift */; };
		A01CD47B1F1658CE0024519C /* CurrentWeatherViewController.swift in Sources */ = {isa = PBXBuildFile; fileRef = A01CD47A1F1658CE0024519C /* CurrentWeatherViewController.swift */; };
		A01CD47E1F1658CE0024519C /* Main.storyboard in Resources */ = {isa = PBXBuildFile; fileRef = A01CD47C1F1658CE0024519C /* Main.storyboard */; };
		A01CD4811F1658CE0024519C /* MyWeather.xcdatamodeld in Sources */ = {isa = PBXBuildFile; fileRef = A01CD47F1F1658CE0024519C /* MyWeather.xcdatamodeld */; };
		A01CD4831F1658CE0024519C /* Assets.xcassets in Resources */ = {isa = PBXBuildFile; fileRef = A01CD4821F1658CE0024519C /* Assets.xcassets */; };
		A01CD4861F1658CE0024519C /* LaunchScreen.storyboard in Resources */ = {isa = PBXBuildFile; fileRef = A01CD4841F1658CE0024519C /* LaunchScreen.storyboard */; };
		A01CD4911F1658CE0024519C /* MyWeatherTests.swift in Sources */ = {isa = PBXBuildFile; fileRef = A01CD4901F1658CE0024519C /* MyWeatherTests.swift */; };
		A01CD49C1F1658CE0024519C /* MyWeatherUITests.swift in Sources */ = {isa = PBXBuildFile; fileRef = A01CD49B1F1658CE0024519C /* MyWeatherUITests.swift */; };
		A01CD4AA1F16598D0024519C /* DetermineLocation.swift in Sources */ = {isa = PBXBuildFile; fileRef = A01CD4A91F16598D0024519C /* DetermineLocation.swift */; };
		A01CD4AC1F165AEA0024519C /* WeatherGetter.swift in Sources */ = {isa = PBXBuildFile; fileRef = A01CD4AB1F165AEA0024519C /* WeatherGetter.swift */; };
		A01CD4B01F165EBA0024519C /* Weather.swift in Sources */ = {isa = PBXBuildFile; fileRef = A01CD4AF1F165EBA0024519C /* Weather.swift */; };
		A01CD4B21F1666600024519C /* String+AddText.swift in Sources */ = {isa = PBXBuildFile; fileRef = A01CD4B11F1666600024519C /* String+AddText.swift */; };
		A01CD4B61F16D3E10024519C /* CustomCell.swift in Sources */ = {isa = PBXBuildFile; fileRef = A01CD4B51F16D3E10024519C /* CustomCell.swift */; };
		A01CD4B81F16EE0E0024519C /* HistoryViewController.swift in Sources */ = {isa = PBXBuildFile; fileRef = A01CD4B71F16EE0E0024519C /* HistoryViewController.swift */; };
		A01CD4BE1F17010E0024519C /* Functions.swift in Sources */ = {isa = PBXBuildFile; fileRef = A01CD4BD1F17010E0024519C /* Functions.swift */; };
		A01CD4C91F17A72C0024519C /* WeatherRequest+CoreDataClass.swift in Sources */ = {isa = PBXBuildFile; fileRef = A01CD4C71F17A72C0024519C /* WeatherRequest+CoreDataClass.swift */; };
		A01CD4CA1F17A72C0024519C /* WeatherRequest+CoreDataProperties.swift in Sources */ = {isa = PBXBuildFile; fileRef = A01CD4C81F17A72C0024519C /* WeatherRequest+CoreDataProperties.swift */; };
		A01CD4EC1F17F6E80024519C /* DetailHistoryViewController.swift in Sources */ = {isa = PBXBuildFile; fileRef = A01CD4EB1F17F6E80024519C /* DetailHistoryViewController.swift */; };
		A01CD4F21F1833990024519C /* RoundView.swift in Sources */ = {isa = PBXBuildFile; fileRef = A01CD4F11F1833990024519C /* RoundView.swift */; };
		A05727AA1F1C2E2600578197 /* RotateAnimation.swift in Sources */ = {isa = PBXBuildFile; fileRef = A05727A91F1C2E2500578197 /* RotateAnimation.swift */; };
		F8B231C4E3C541A0222677F2 /* Pods_MyWeatherTests.framework in Frameworks */ = {isa = PBXBuildFile; fileRef = 25718076AA31B9C4946292B8 /* Pods_MyWeatherTests.framework */; };
/* End PBXBuildFile section */

/* Begin PBXContainerItemProxy section */
		A01CD48D1F1658CE0024519C /* PBXContainerItemProxy */ = {
			isa = PBXContainerItemProxy;
			containerPortal = A01CD46D1F1658CE0024519C /* Project object */;
			proxyType = 1;
			remoteGlobalIDString = A01CD4741F1658CE0024519C;
			remoteInfo = MyWeather;
		};
		A01CD4981F1658CE0024519C /* PBXContainerItemProxy */ = {
			isa = PBXContainerItemProxy;
			containerPortal = A01CD46D1F1658CE0024519C /* Project object */;
			proxyType = 1;
			remoteGlobalIDString = A01CD4741F1658CE0024519C;
			remoteInfo = MyWeather;
		};
/* End PBXContainerItemProxy section */

/* Begin PBXFileReference section */
		234B102C0896BFFD317D08BB /* Pods-MyWeather.debug.xcconfig */ = {isa = PBXFileReference; includeInIndex = 1; lastKnownFileType = text.xcconfig; name = "Pods-MyWeather.debug.xcconfig"; path = "Pods/Target Support Files/Pods-MyWeather/Pods-MyWeather.debug.xcconfig"; sourceTree = "<group>"; };
		25718076AA31B9C4946292B8 /* Pods_MyWeatherTests.framework */ = {isa = PBXFileReference; explicitFileType = wrapper.framework; includeInIndex = 0; path = Pods_MyWeatherTests.framework; sourceTree = BUILT_PRODUCTS_DIR; };
		29745254E8CC9CCFF37E8881 /* Pods_MyWeather.framework */ = {isa = PBXFileReference; explicitFileType = wrapper.framework; includeInIndex = 0; path = Pods_MyWeather.framework; sourceTree = BUILT_PRODUCTS_DIR; };
		31B6EADB6BF4C0A063DC87DE /* Pods_MyWeatherUITests.framework */ = {isa = PBXFileReference; explicitFileType = wrapper.framework; includeInIndex = 0; path = Pods_MyWeatherUITests.framework; sourceTree = BUILT_PRODUCTS_DIR; };
		52E23DF7A90A8B04E62E59C4 /* Pods-MyWeatherTests.release.xcconfig */ = {isa = PBXFileReference; includeInIndex = 1; lastKnownFileType = text.xcconfig; name = "Pods-MyWeatherTests.release.xcconfig"; path = "Pods/Target Support Files/Pods-MyWeatherTests/Pods-MyWeatherTests.release.xcconfig"; sourceTree = "<group>"; };
		8B62967D70E04E60A8F0EEB1 /* Pods-MyWeatherTests.debug.xcconfig */ = {isa = PBXFileReference; includeInIndex = 1; lastKnownFileType = text.xcconfig; name = "Pods-MyWeatherTests.debug.xcconfig"; path = "Pods/Target Support Files/Pods-MyWeatherTests/Pods-MyWeatherTests.debug.xcconfig"; sourceTree = "<group>"; };
		97D06971D047389C052A65BB /* Pods-MyWeatherUITests.release.xcconfig */ = {isa = PBXFileReference; includeInIndex = 1; lastKnownFileType = text.xcconfig; name = "Pods-MyWeatherUITests.release.xcconfig"; path = "Pods/Target Support Files/Pods-MyWeatherUITests/Pods-MyWeatherUITests.release.xcconfig"; sourceTree = "<group>"; };
		A01CD4751F1658CE0024519C /* MyWeather.app */ = {isa = PBXFileReference; explicitFileType = wrapper.application; includeInIndex = 0; path = MyWeather.app; sourceTree = BUILT_PRODUCTS_DIR; };
		A01CD4781F1658CE0024519C /* AppDelegate.swift */ = {isa = PBXFileReference; lastKnownFileType = sourcecode.swift; path = AppDelegate.swift; sourceTree = "<group>"; };
		A01CD47A1F1658CE0024519C /* CurrentWeatherViewController.swift */ = {isa = PBXFileReference; lastKnownFileType = sourcecode.swift; path = CurrentWeatherViewController.swift; sourceTree = "<group>"; };
		A01CD47D1F1658CE0024519C /* Base */ = {isa = PBXFileReference; lastKnownFileType = file.storyboard; name = Base; path = Base.lproj/Main.storyboard; sourceTree = "<group>"; };
		A01CD4801F1658CE0024519C /* MyWeather.xcdatamodel */ = {isa = PBXFileReference; lastKnownFileType = wrapper.xcdatamodel; path = MyWeather.xcdatamodel; sourceTree = "<group>"; };
		A01CD4821F1658CE0024519C /* Assets.xcassets */ = {isa = PBXFileReference; lastKnownFileType = folder.assetcatalog; path = Assets.xcassets; sourceTree = "<group>"; };
		A01CD4851F1658CE0024519C /* Base */ = {isa = PBXFileReference; lastKnownFileType = file.storyboard; name = Base; path = Base.lproj/LaunchScreen.storyboard; sourceTree = "<group>"; };
		A01CD4871F1658CE0024519C /* Info.plist */ = {isa = PBXFileReference; lastKnownFileType = text.plist.xml; path = Info.plist; sourceTree = "<group>"; };
		A01CD48C1F1658CE0024519C /* MyWeatherTests.xctest */ = {isa = PBXFileReference; explicitFileType = wrapper.cfbundle; includeInIndex = 0; path = MyWeatherTests.xctest; sourceTree = BUILT_PRODUCTS_DIR; };
		A01CD4901F1658CE0024519C /* MyWeatherTests.swift */ = {isa = PBXFileReference; lastKnownFileType = sourcecode.swift; path = MyWeatherTests.swift; sourceTree = "<group>"; };
		A01CD4921F1658CE0024519C /* Info.plist */ = {isa = PBXFileReference; lastKnownFileType = text.plist.xml; path = Info.plist; sourceTree = "<group>"; };
		A01CD4971F1658CE0024519C /* MyWeatherUITests.xctest */ = {isa = PBXFileReference; explicitFileType = wrapper.cfbundle; includeInIndex = 0; path = MyWeatherUITests.xctest; sourceTree = BUILT_PRODUCTS_DIR; };
		A01CD49B1F1658CE0024519C /* MyWeatherUITests.swift */ = {isa = PBXFileReference; lastKnownFileType = sourcecode.swift; path = MyWeatherUITests.swift; sourceTree = "<group>"; };
		A01CD49D1F1658CE0024519C /* Info.plist */ = {isa = PBXFileReference; lastKnownFileType = text.plist.xml; path = Info.plist; sourceTree = "<group>"; };
		A01CD4A91F16598D0024519C /* DetermineLocation.swift */ = {isa = PBXFileReference; fileEncoding = 4; lastKnownFileType = sourcecode.swift; path = DetermineLocation.swift; sourceTree = "<group>"; };
		A01CD4AB1F165AEA0024519C /* WeatherGetter.swift */ = {isa = PBXFileReference; fileEncoding = 4; lastKnownFileType = sourcecode.swift; path = WeatherGetter.swift; sourceTree = "<group>"; };
		A01CD4AF1F165EBA0024519C /* Weather.swift */ = {isa = PBXFileReference; fileEncoding = 4; lastKnownFileType = sourcecode.swift; path = Weather.swift; sourceTree = "<group>"; };
		A01CD4B11F1666600024519C /* String+AddText.swift */ = {isa = PBXFileReference; fileEncoding = 4; lastKnownFileType = sourcecode.swift; path = "String+AddText.swift"; sourceTree = "<group>"; };
		A01CD4B51F16D3E10024519C /* CustomCell.swift */ = {isa = PBXFileReference; fileEncoding = 4; lastKnownFileType = sourcecode.swift; path = CustomCell.swift; sourceTree = "<group>"; };
		A01CD4B71F16EE0E0024519C /* HistoryViewController.swift */ = {isa = PBXFileReference; fileEncoding = 4; lastKnownFileType = sourcecode.swift; path = HistoryViewController.swift; sourceTree = "<group>"; };
		A01CD4BD1F17010E0024519C /* Functions.swift */ = {isa = PBXFileReference; fileEncoding = 4; lastKnownFileType = sourcecode.swift; path = Functions.swift; sourceTree = "<group>"; };
		A01CD4C71F17A72C0024519C /* WeatherRequest+CoreDataClass.swift */ = {isa = PBXFileReference; fileEncoding = 4; lastKnownFileType = sourcecode.swift; path = "WeatherRequest+CoreDataClass.swift"; sourceTree = "<group>"; };
		A01CD4C81F17A72C0024519C /* WeatherRequest+CoreDataProperties.swift */ = {isa = PBXFileReference; fileEncoding = 4; lastKnownFileType = sourcecode.swift; path = "WeatherRequest+CoreDataProperties.swift"; sourceTree = "<group>"; };
		A01CD4EB1F17F6E80024519C /* DetailHistoryViewController.swift */ = {isa = PBXFileReference; fileEncoding = 4; lastKnownFileType = sourcecode.swift; path = DetailHistoryViewController.swift; sourceTree = "<group>"; };
		A01CD4F11F1833990024519C /* RoundView.swift */ = {isa = PBXFileReference; fileEncoding = 4; lastKnownFileType = sourcecode.swift; path = RoundView.swift; sourceTree = "<group>"; };
		A05727A91F1C2E2500578197 /* RotateAnimation.swift */ = {isa = PBXFileReference; fileEncoding = 4; lastKnownFileType = sourcecode.swift; path = RotateAnimation.swift; sourceTree = "<group>"; };
		C393DA912F0948367EB90CAD /* Pods-MyWeather.release.xcconfig */ = {isa = PBXFileReference; includeInIndex = 1; lastKnownFileType = text.xcconfig; name = "Pods-MyWeather.release.xcconfig"; path = "Pods/Target Support Files/Pods-MyWeather/Pods-MyWeather.release.xcconfig"; sourceTree = "<group>"; };
		FCA2F2BD37321C5380B47BF4 /* Pods-MyWeatherUITests.debug.xcconfig */ = {isa = PBXFileReference; includeInIndex = 1; lastKnownFileType = text.xcconfig; name = "Pods-MyWeatherUITests.debug.xcconfig"; path = "Pods/Target Support Files/Pods-MyWeatherUITests/Pods-MyWeatherUITests.debug.xcconfig"; sourceTree = "<group>"; };
/* End PBXFileReference section */

/* Begin PBXFrameworksBuildPhase section */
		A01CD4721F1658CE0024519C /* Frameworks */ = {
			isa = PBXFrameworksBuildPhase;
			buildActionMask = 2147483647;
			files = (
				8D3390AD032D85940A9D457C /* Pods_MyWeather.framework in Frameworks */,
			);
			runOnlyForDeploymentPostprocessing = 0;
		};
		A01CD4891F1658CE0024519C /* Frameworks */ = {
			isa = PBXFrameworksBuildPhase;
			buildActionMask = 2147483647;
			files = (
				F8B231C4E3C541A0222677F2 /* Pods_MyWeatherTests.framework in Frameworks */,
			);
			runOnlyForDeploymentPostprocessing = 0;
		};
		A01CD4941F1658CE0024519C /* Frameworks */ = {
			isa = PBXFrameworksBuildPhase;
			buildActionMask = 2147483647;
			files = (
				6B82714256989D69FE5F8A6F /* Pods_MyWeatherUITests.framework in Frameworks */,
			);
			runOnlyForDeploymentPostprocessing = 0;
		};
/* End PBXFrameworksBuildPhase section */

/* Begin PBXGroup section */
		A01CD46C1F1658CE0024519C = {
			isa = PBXGroup;
			children = (
				A01CD4C71F17A72C0024519C /* WeatherRequest+CoreDataClass.swift */,
				A01CD4C81F17A72C0024519C /* WeatherRequest+CoreDataProperties.swift */,
				A01CD4771F1658CE0024519C /* MyWeather */,
				A01CD48F1F1658CE0024519C /* MyWeatherTests */,
				A01CD49A1F1658CE0024519C /* MyWeatherUITests */,
				A01CD4761F1658CE0024519C /* Products */,
				B9665ED14D4E90BDB5F127AD /* Pods */,
				F97A868144B875E3AACEBB68 /* Frameworks */,
			);
			sourceTree = "<group>";
		};
		A01CD4761F1658CE0024519C /* Products */ = {
			isa = PBXGroup;
			children = (
				A01CD4751F1658CE0024519C /* MyWeather.app */,
				A01CD48C1F1658CE0024519C /* MyWeatherTests.xctest */,
				A01CD4971F1658CE0024519C /* MyWeatherUITests.xctest */,
			);
			name = Products;
			sourceTree = "<group>";
		};
		A01CD4771F1658CE0024519C /* MyWeather */ = {
			isa = PBXGroup;
			children = (
				A01CD4871F1658CE0024519C /* Info.plist */,
				A01CD4781F1658CE0024519C /* AppDelegate.swift */,
				A01CD47A1F1658CE0024519C /* CurrentWeatherViewController.swift */,
				A01CD4B51F16D3E10024519C /* CustomCell.swift */,
				A01CD4EB1F17F6E80024519C /* DetailHistoryViewController.swift */,
				A01CD4A91F16598D0024519C /* DetermineLocation.swift */,
				A01CD4BD1F17010E0024519C /* Functions.swift */,
				A01CD4B71F16EE0E0024519C /* HistoryViewController.swift */,
				A05727A91F1C2E2500578197 /* RotateAnimation.swift */,
				A01CD4F11F1833990024519C /* RoundView.swift */,
				A01CD4B11F1666600024519C /* String+AddText.swift */,
				A01CD4AF1F165EBA0024519C /* Weather.swift */,
				A01CD4AB1F165AEA0024519C /* WeatherGetter.swift */,
				A01CD4821F1658CE0024519C /* Assets.xcassets */,
				A01CD4841F1658CE0024519C /* LaunchScreen.storyboard */,
				A01CD47C1F1658CE0024519C /* Main.storyboard */,
				A01CD47F1F1658CE0024519C /* MyWeather.xcdatamodeld */,
			);
			path = MyWeather;
			sourceTree = "<group>";
		};
		A01CD48F1F1658CE0024519C /* MyWeatherTests */ = {
			isa = PBXGroup;
			children = (
				A01CD4901F1658CE0024519C /* MyWeatherTests.swift */,
				A01CD4921F1658CE0024519C /* Info.plist */,
			);
			path = MyWeatherTests;
			sourceTree = "<group>";
		};
		A01CD49A1F1658CE0024519C /* MyWeatherUITests */ = {
			isa = PBXGroup;
			children = (
				A01CD49B1F1658CE0024519C /* MyWeatherUITests.swift */,
				A01CD49D1F1658CE0024519C /* Info.plist */,
			);
			path = MyWeatherUITests;
			sourceTree = "<group>";
		};
		B9665ED14D4E90BDB5F127AD /* Pods */ = {
			isa = PBXGroup;
			children = (
				234B102C0896BFFD317D08BB /* Pods-MyWeather.debug.xcconfig */,
				C393DA912F0948367EB90CAD /* Pods-MyWeather.release.xcconfig */,
				8B62967D70E04E60A8F0EEB1 /* Pods-MyWeatherTests.debug.xcconfig */,
				52E23DF7A90A8B04E62E59C4 /* Pods-MyWeatherTests.release.xcconfig */,
				FCA2F2BD37321C5380B47BF4 /* Pods-MyWeatherUITests.debug.xcconfig */,
				97D06971D047389C052A65BB /* Pods-MyWeatherUITests.release.xcconfig */,
			);
			name = Pods;
			sourceTree = "<group>";
		};
		F97A868144B875E3AACEBB68 /* Frameworks */ = {
			isa = PBXGroup;
			children = (
				29745254E8CC9CCFF37E8881 /* Pods_MyWeather.framework */,
				25718076AA31B9C4946292B8 /* Pods_MyWeatherTests.framework */,
				31B6EADB6BF4C0A063DC87DE /* Pods_MyWeatherUITests.framework */,
			);
			name = Frameworks;
			sourceTree = "<group>";
		};
/* End PBXGroup section */

/* Begin PBXNativeTarget section */
		A01CD4741F1658CE0024519C /* MyWeather */ = {
			isa = PBXNativeTarget;
			buildConfigurationList = A01CD4A01F1658CE0024519C /* Build configuration list for PBXNativeTarget "MyWeather" */;
			buildPhases = (
				A526CF27E4CD99DCEEA58980 /* [CP] Check Pods Manifest.lock */,
				A01CD4711F1658CE0024519C /* Sources */,
				A01CD4721F1658CE0024519C /* Frameworks */,
				A01CD4731F1658CE0024519C /* Resources */,
				D37D0356B6723A17204D3E38 /* [CP] Embed Pods Frameworks */,
				F526CF1B647454E890952ECE /* [CP] Copy Pods Resources */,
			);
			buildRules = (
			);
			dependencies = (
			);
			name = MyWeather;
			productName = MyWeather;
			productReference = A01CD4751F1658CE0024519C /* MyWeather.app */;
			productType = "com.apple.product-type.application";
		};
		A01CD48B1F1658CE0024519C /* MyWeatherTests */ = {
			isa = PBXNativeTarget;
			buildConfigurationList = A01CD4A31F1658CE0024519C /* Build configuration list for PBXNativeTarget "MyWeatherTests" */;
			buildPhases = (
				7E431F7234547BFF197E1E30 /* [CP] Check Pods Manifest.lock */,
				A01CD4881F1658CE0024519C /* Sources */,
				A01CD4891F1658CE0024519C /* Frameworks */,
				A01CD48A1F1658CE0024519C /* Resources */,
				FF7DCF83512CA03AA6382A50 /* [CP] Embed Pods Frameworks */,
				D8969F2845A26CBBC50B7971 /* [CP] Copy Pods Resources */,
			);
			buildRules = (
			);
			dependencies = (
				A01CD48E1F1658CE0024519C /* PBXTargetDependency */,
			);
			name = MyWeatherTests;
			productName = MyWeatherTests;
			productReference = A01CD48C1F1658CE0024519C /* MyWeatherTests.xctest */;
			productType = "com.apple.product-type.bundle.unit-test";
		};
		A01CD4961F1658CE0024519C /* MyWeatherUITests */ = {
			isa = PBXNativeTarget;
			buildConfigurationList = A01CD4A61F1658CE0024519C /* Build configuration list for PBXNativeTarget "MyWeatherUITests" */;
			buildPhases = (
				91F6F3D6FBA3D7B91FAD5441 /* [CP] Check Pods Manifest.lock */,
				A01CD4931F1658CE0024519C /* Sources */,
				A01CD4941F1658CE0024519C /* Frameworks */,
				A01CD4951F1658CE0024519C /* Resources */,
				02CA5ECE7DD70656BCF83D64 /* [CP] Embed Pods Frameworks */,
				141068E1361436ECB06DACEA /* [CP] Copy Pods Resources */,
			);
			buildRules = (
			);
			dependencies = (
				A01CD4991F1658CE0024519C /* PBXTargetDependency */,
			);
			name = MyWeatherUITests;
			productName = MyWeatherUITests;
			productReference = A01CD4971F1658CE0024519C /* MyWeatherUITests.xctest */;
			productType = "com.apple.product-type.bundle.ui-testing";
		};
/* End PBXNativeTarget section */

/* Begin PBXProject section */
		A01CD46D1F1658CE0024519C /* Project object */ = {
			isa = PBXProject;
			attributes = {
				LastSwiftUpdateCheck = 0830;
				LastUpgradeCheck = 0830;
				ORGANIZATIONNAME = "Vladislav Shilov";
				TargetAttributes = {
					A01CD4741F1658CE0024519C = {
						CreatedOnToolsVersion = 8.3.3;
						DevelopmentTeam = 5YVMX8TY6Q;
						ProvisioningStyle = Automatic;
					};
					A01CD48B1F1658CE0024519C = {
						CreatedOnToolsVersion = 8.3.3;
						ProvisioningStyle = Automatic;
						TestTargetID = A01CD4741F1658CE0024519C;
					};
					A01CD4961F1658CE0024519C = {
						CreatedOnToolsVersion = 8.3.3;
						ProvisioningStyle = Automatic;
						TestTargetID = A01CD4741F1658CE0024519C;
					};
				};
			};
			buildConfigurationList = A01CD4701F1658CE0024519C /* Build configuration list for PBXProject "MyWeather" */;
			compatibilityVersion = "Xcode 3.2";
			developmentRegion = English;
			hasScannedForEncodings = 0;
			knownRegions = (
				en,
				Base,
			);
			mainGroup = A01CD46C1F1658CE0024519C;
			productRefGroup = A01CD4761F1658CE0024519C /* Products */;
			projectDirPath = "";
			projectRoot = "";
			targets = (
				A01CD4741F1658CE0024519C /* MyWeather */,
				A01CD48B1F1658CE0024519C /* MyWeatherTests */,
				A01CD4961F1658CE0024519C /* MyWeatherUITests */,
			);
		};
/* End PBXProject section */

/* Begin PBXResourcesBuildPhase section */
		A01CD4731F1658CE0024519C /* Resources */ = {
			isa = PBXResourcesBuildPhase;
			buildActionMask = 2147483647;
			files = (
				A01CD4861F1658CE0024519C /* LaunchScreen.storyboard in Resources */,
				A01CD4831F1658CE0024519C /* Assets.xcassets in Resources */,
				A01CD47E1F1658CE0024519C /* Main.storyboard in Resources */,
			);
			runOnlyForDeploymentPostprocessing = 0;
		};
		A01CD48A1F1658CE0024519C /* Resources */ = {
			isa = PBXResourcesBuildPhase;
			buildActionMask = 2147483647;
			files = (
			);
			runOnlyForDeploymentPostprocessing = 0;
		};
		A01CD4951F1658CE0024519C /* Resources */ = {
			isa = PBXResourcesBuildPhase;
			buildActionMask = 2147483647;
			files = (
			);
			runOnlyForDeploymentPostprocessing = 0;
		};
/* End PBXResourcesBuildPhase section */

/* Begin PBXShellScriptBuildPhase section */
		02CA5ECE7DD70656BCF83D64 /* [CP] Embed Pods Frameworks */ = {
			isa = PBXShellScriptBuildPhase;
			buildActionMask = 2147483647;
			files = (
			);
			inputPaths = (
			);
			name = "[CP] Embed Pods Frameworks";
			outputPaths = (
			);
			runOnlyForDeploymentPostprocessing = 0;
			shellPath = /bin/sh;
			shellScript = "\"${SRCROOT}/Pods/Target Support Files/Pods-MyWeatherUITests/Pods-MyWeatherUITests-frameworks.sh\"\n";
			showEnvVarsInLog = 0;
		};
		141068E1361436ECB06DACEA /* [CP] Copy Pods Resources */ = {
			isa = PBXShellScriptBuildPhase;
			buildActionMask = 2147483647;
			files = (
			);
			inputPaths = (
			);
			name = "[CP] Copy Pods Resources";
			outputPaths = (
			);
			runOnlyForDeploymentPostprocessing = 0;
			shellPath = /bin/sh;
			shellScript = "\"${SRCROOT}/Pods/Target Support Files/Pods-MyWeatherUITests/Pods-MyWeatherUITests-resources.sh\"\n";
			showEnvVarsInLog = 0;
		};
		7E431F7234547BFF197E1E30 /* [CP] Check Pods Manifest.lock */ = {
			isa = PBXShellScriptBuildPhase;
			buildActionMask = 2147483647;
			files = (
			);
			inputPaths = (
			);
			name = "[CP] Check Pods Manifest.lock";
			outputPaths = (
			);
			runOnlyForDeploymentPostprocessing = 0;
			shellPath = /bin/sh;
			shellScript = "diff \"${PODS_ROOT}/../Podfile.lock\" \"${PODS_ROOT}/Manifest.lock\" > /dev/null\nif [ $? != 0 ] ; then\n    # print error to STDERR\n    echo \"error: The sandbox is not in sync with the Podfile.lock. Run 'pod install' or update your CocoaPods installation.\" >&2\n    exit 1\nfi\n";
			showEnvVarsInLog = 0;
		};
		91F6F3D6FBA3D7B91FAD5441 /* [CP] Check Pods Manifest.lock */ = {
			isa = PBXShellScriptBuildPhase;
			buildActionMask = 2147483647;
			files = (
			);
			inputPaths = (
			);
			name = "[CP] Check Pods Manifest.lock";
			outputPaths = (
			);
			runOnlyForDeploymentPostprocessing = 0;
			shellPath = /bin/sh;
			shellScript = "diff \"${PODS_ROOT}/../Podfile.lock\" \"${PODS_ROOT}/Manifest.lock\" > /dev/null\nif [ $? != 0 ] ; then\n    # print error to STDERR\n    echo \"error: The sandbox is not in sync with the Podfile.lock. Run 'pod install' or update your CocoaPods installation.\" >&2\n    exit 1\nfi\n";
			showEnvVarsInLog = 0;
		};
		A526CF27E4CD99DCEEA58980 /* [CP] Check Pods Manifest.lock */ = {
			isa = PBXShellScriptBuildPhase;
			buildActionMask = 2147483647;
			files = (
			);
			inputPaths = (
			);
			name = "[CP] Check Pods Manifest.lock";
			outputPaths = (
			);
			runOnlyForDeploymentPostprocessing = 0;
			shellPath = /bin/sh;
			shellScript = "diff \"${PODS_ROOT}/../Podfile.lock\" \"${PODS_ROOT}/Manifest.lock\" > /dev/null\nif [ $? != 0 ] ; then\n    # print error to STDERR\n    echo \"error: The sandbox is not in sync with the Podfile.lock. Run 'pod install' or update your CocoaPods installation.\" >&2\n    exit 1\nfi\n";
			showEnvVarsInLog = 0;
		};
		D37D0356B6723A17204D3E38 /* [CP] Embed Pods Frameworks */ = {
			isa = PBXShellScriptBuildPhase;
			buildActionMask = 2147483647;
			files = (
			);
			inputPaths = (
			);
			name = "[CP] Embed Pods Frameworks";
			outputPaths = (
			);
			runOnlyForDeploymentPostprocessing = 0;
			shellPath = /bin/sh;
			shellScript = "\"${SRCROOT}/Pods/Target Support Files/Pods-MyWeather/Pods-MyWeather-frameworks.sh\"\n";
			showEnvVarsInLog = 0;
		};
		D8969F2845A26CBBC50B7971 /* [CP] Copy Pods Resources */ = {
			isa = PBXShellScriptBuildPhase;
			buildActionMask = 2147483647;
			files = (
			);
			inputPaths = (
			);
			name = "[CP] Copy Pods Resources";
			outputPaths = (
			);
			runOnlyForDeploymentPostprocessing = 0;
			shellPath = /bin/sh;
			shellScript = "\"${SRCROOT}/Pods/Target Support Files/Pods-MyWeatherTests/Pods-MyWeatherTests-resources.sh\"\n";
			showEnvVarsInLog = 0;
		};
		F526CF1B647454E890952ECE /* [CP] Copy Pods Resources */ = {
			isa = PBXShellScriptBuildPhase;
			buildActionMask = 2147483647;
			files = (
			);
			inputPaths = (
			);
			name = "[CP] Copy Pods Resources";
			outputPaths = (
			);
			runOnlyForDeploymentPostprocessing = 0;
			shellPath = /bin/sh;
			shellScript = "\"${SRCROOT}/Pods/Target Support Files/Pods-MyWeather/Pods-MyWeather-resources.sh\"\n";
			showEnvVarsInLog = 0;
		};
		FF7DCF83512CA03AA6382A50 /* [CP] Embed Pods Frameworks */ = {
			isa = PBXShellScriptBuildPhase;
			buildActionMask = 2147483647;
			files = (
			);
			inputPaths = (
			);
			name = "[CP] Embed Pods Frameworks";
			outputPaths = (
			);
			runOnlyForDeploymentPostprocessing = 0;
			shellPath = /bin/sh;
			shellScript = "\"${SRCROOT}/Pods/Target Support Files/Pods-MyWeatherTests/Pods-MyWeatherTests-frameworks.sh\"\n";
			showEnvVarsInLog = 0;
		};
/* End PBXShellScriptBuildPhase section */

/* Begin PBXSourcesBuildPhase section */
		A01CD4711F1658CE0024519C /* Sources */ = {
			isa = PBXSourcesBuildPhase;
			buildActionMask = 2147483647;
			files = (
				A01CD4C91F17A72C0024519C /* WeatherRequest+CoreDataClass.swift in Sources */,
				A01CD4F21F1833990024519C /* RoundView.swift in Sources */,
				A01CD4AA1F16598D0024519C /* DetermineLocation.swift in Sources */,
				A01CD4CA1F17A72C0024519C /* WeatherRequest+CoreDataProperties.swift in Sources */,
				A01CD4AC1F165AEA0024519C /* WeatherGetter.swift in Sources */,
				A01CD4B21F1666600024519C /* String+AddText.swift in Sources */,
				A01CD4EC1F17F6E80024519C /* DetailHistoryViewController.swift in Sources */,
				A01CD47B1F1658CE0024519C /* CurrentWeatherViewController.swift in Sources */,
				A05727AA1F1C2E2600578197 /* RotateAnimation.swift in Sources */,
				A01CD4791F1658CE0024519C /* AppDelegate.swift in Sources */,
				A01CD4B01F165EBA0024519C /* Weather.swift in Sources */,
				A01CD4B81F16EE0E0024519C /* HistoryViewController.swift in Sources */,
				A01CD4B61F16D3E10024519C /* CustomCell.swift in Sources */,
				A01CD4811F1658CE0024519C /* MyWeather.xcdatamodeld in Sources */,
				A01CD4BE1F17010E0024519C /* Functions.swift in Sources */,
			);
			runOnlyForDeploymentPostprocessing = 0;
		};
		A01CD4881F1658CE0024519C /* Sources */ = {
			isa = PBXSourcesBuildPhase;
			buildActionMask = 2147483647;
			files = (
				A01CD4911F1658CE0024519C /* MyWeatherTests.swift in Sources */,
			);
			runOnlyForDeploymentPostprocessing = 0;
		};
		A01CD4931F1658CE0024519C /* Sources */ = {
			isa = PBXSourcesBuildPhase;
			buildActionMask = 2147483647;
			files = (
				A01CD49C1F1658CE0024519C /* MyWeatherUITests.swift in Sources */,
			);
			runOnlyForDeploymentPostprocessing = 0;
		};
/* End PBXSourcesBuildPhase section */

/* Begin PBXTargetDependency section */
		A01CD48E1F1658CE0024519C /* PBXTargetDependency */ = {
			isa = PBXTargetDependency;
			target = A01CD4741F1658CE0024519C /* MyWeather */;
			targetProxy = A01CD48D1F1658CE0024519C /* PBXContainerItemProxy */;
		};
		A01CD4991F1658CE0024519C /* PBXTargetDependency */ = {
			isa = PBXTargetDependency;
			target = A01CD4741F1658CE0024519C /* MyWeather */;
			targetProxy = A01CD4981F1658CE0024519C /* PBXContainerItemProxy */;
		};
/* End PBXTargetDependency section */

/* Begin PBXVariantGroup section */
		A01CD47C1F1658CE0024519C /* Main.storyboard */ = {
			isa = PBXVariantGroup;
			children = (
				A01CD47D1F1658CE0024519C /* Base */,
			);
			name = Main.storyboard;
			sourceTree = "<group>";
		};
		A01CD4841F1658CE0024519C /* LaunchScreen.storyboard */ = {
			isa = PBXVariantGroup;
			children = (
				A01CD4851F1658CE0024519C /* Base */,
			);
			name = LaunchScreen.storyboard;
			sourceTree = "<group>";
		};
/* End PBXVariantGroup section */

/* Begin XCBuildConfiguration section */
		A01CD49E1F1658CE0024519C /* Debug */ = {
			isa = XCBuildConfiguration;
			buildSettings = {
				ALWAYS_SEARCH_USER_PATHS = NO;
				CLANG_ANALYZER_NONNULL = YES;
				CLANG_ANALYZER_NUMBER_OBJECT_CONVERSION = YES_AGGRESSIVE;
				CLANG_CXX_LANGUAGE_STANDARD = "gnu++0x";
				CLANG_CXX_LIBRARY = "libc++";
				CLANG_ENABLE_MODULES = YES;
				CLANG_ENABLE_OBJC_ARC = YES;
				CLANG_WARN_BOOL_CONVERSION = YES;
				CLANG_WARN_CONSTANT_CONVERSION = YES;
				CLANG_WARN_DIRECT_OBJC_ISA_USAGE = YES_ERROR;
				CLANG_WARN_DOCUMENTATION_COMMENTS = YES;
				CLANG_WARN_EMPTY_BODY = YES;
				CLANG_WARN_ENUM_CONVERSION = YES;
				CLANG_WARN_INFINITE_RECURSION = YES;
				CLANG_WARN_INT_CONVERSION = YES;
				CLANG_WARN_OBJC_ROOT_CLASS = YES_ERROR;
				CLANG_WARN_SUSPICIOUS_MOVE = YES;
				CLANG_WARN_UNREACHABLE_CODE = YES;
				CLANG_WARN__DUPLICATE_METHOD_MATCH = YES;
				"CODE_SIGN_IDENTITY[sdk=iphoneos*]" = "iPhone Developer";
				COPY_PHASE_STRIP = NO;
				DEBUG_INFORMATION_FORMAT = dwarf;
				ENABLE_STRICT_OBJC_MSGSEND = YES;
				ENABLE_TESTABILITY = YES;
				GCC_C_LANGUAGE_STANDARD = gnu99;
				GCC_DYNAMIC_NO_PIC = NO;
				GCC_NO_COMMON_BLOCKS = YES;
				GCC_OPTIMIZATION_LEVEL = 0;
				GCC_PREPROCESSOR_DEFINITIONS = (
					"DEBUG=1",
					"$(inherited)",
				);
				GCC_WARN_64_TO_32_BIT_CONVERSION = YES;
				GCC_WARN_ABOUT_RETURN_TYPE = YES_ERROR;
				GCC_WARN_UNDECLARED_SELECTOR = YES;
				GCC_WARN_UNINITIALIZED_AUTOS = YES_AGGRESSIVE;
				GCC_WARN_UNUSED_FUNCTION = YES;
				GCC_WARN_UNUSED_VARIABLE = YES;
				IPHONEOS_DEPLOYMENT_TARGET = 10.0;
				MTL_ENABLE_DEBUG_INFO = YES;
				ONLY_ACTIVE_ARCH = YES;
				SDKROOT = iphoneos;
				SWIFT_ACTIVE_COMPILATION_CONDITIONS = DEBUG;
				SWIFT_OPTIMIZATION_LEVEL = "-Onone";
			};
			name = Debug;
		};
		A01CD49F1F1658CE0024519C /* Release */ = {
			isa = XCBuildConfiguration;
			buildSettings = {
				ALWAYS_SEARCH_USER_PATHS = NO;
				CLANG_ANALYZER_NONNULL = YES;
				CLANG_ANALYZER_NUMBER_OBJECT_CONVERSION = YES_AGGRESSIVE;
				CLANG_CXX_LANGUAGE_STANDARD = "gnu++0x";
				CLANG_CXX_LIBRARY = "libc++";
				CLANG_ENABLE_MODULES = YES;
				CLANG_ENABLE_OBJC_ARC = YES;
				CLANG_WARN_BOOL_CONVERSION = YES;
				CLANG_WARN_CONSTANT_CONVERSION = YES;
				CLANG_WARN_DIRECT_OBJC_ISA_USAGE = YES_ERROR;
				CLANG_WARN_DOCUMENTATION_COMMENTS = YES;
				CLANG_WARN_EMPTY_BODY = YES;
				CLANG_WARN_ENUM_CONVERSION = YES;
				CLANG_WARN_INFINITE_RECURSION = YES;
				CLANG_WARN_INT_CONVERSION = YES;
				CLANG_WARN_OBJC_ROOT_CLASS = YES_ERROR;
				CLANG_WARN_SUSPICIOUS_MOVE = YES;
				CLANG_WARN_UNREACHABLE_CODE = YES;
				CLANG_WARN__DUPLICATE_METHOD_MATCH = YES;
				"CODE_SIGN_IDENTITY[sdk=iphoneos*]" = "iPhone Developer";
				COPY_PHASE_STRIP = NO;
				DEBUG_INFORMATION_FORMAT = "dwarf-with-dsym";
				ENABLE_NS_ASSERTIONS = NO;
				ENABLE_STRICT_OBJC_MSGSEND = YES;
				GCC_C_LANGUAGE_STANDARD = gnu99;
				GCC_NO_COMMON_BLOCKS = YES;
				GCC_WARN_64_TO_32_BIT_CONVERSION = YES;
				GCC_WARN_ABOUT_RETURN_TYPE = YES_ERROR;
				GCC_WARN_UNDECLARED_SELECTOR = YES;
				GCC_WARN_UNINITIALIZED_AUTOS = YES_AGGRESSIVE;
				GCC_WARN_UNUSED_FUNCTION = YES;
				GCC_WARN_UNUSED_VARIABLE = YES;
				IPHONEOS_DEPLOYMENT_TARGET = 10.0;
				MTL_ENABLE_DEBUG_INFO = NO;
				SDKROOT = iphoneos;
				SWIFT_OPTIMIZATION_LEVEL = "-Owholemodule";
				VALIDATE_PRODUCT = YES;
			};
			name = Release;
		};
		A01CD4A11F1658CE0024519C /* Debug */ = {
			isa = XCBuildConfiguration;
			baseConfigurationReference = 234B102C0896BFFD317D08BB /* Pods-MyWeather.debug.xcconfig */;
			buildSettings = {
				ALWAYS_EMBED_SWIFT_STANDARD_LIBRARIES = YES;
				ASSETCATALOG_COMPILER_APPICON_NAME = AppIcon;
				DEVELOPMENT_TEAM = 5YVMX8TY6Q;
				INFOPLIST_FILE = MyWeather/Info.plist;
				LD_RUNPATH_SEARCH_PATHS = "$(inherited) @executable_path/Frameworks";
				PRODUCT_BUNDLE_IDENTIFIER = VladShilov.MyWeather;
				PRODUCT_NAME = "$(TARGET_NAME)";
				SWIFT_VERSION = 3.0;
			};
			name = Debug;
		};
		A01CD4A21F1658CE0024519C /* Release */ = {
			isa = XCBuildConfiguration;
			baseConfigurationReference = C393DA912F0948367EB90CAD /* Pods-MyWeather.release.xcconfig */;
			buildSettings = {
				ALWAYS_EMBED_SWIFT_STANDARD_LIBRARIES = YES;
				ASSETCATALOG_COMPILER_APPICON_NAME = AppIcon;
				DEVELOPMENT_TEAM = 5YVMX8TY6Q;
				INFOPLIST_FILE = MyWeather/Info.plist;
				LD_RUNPATH_SEARCH_PATHS = "$(inherited) @executable_path/Frameworks";
				PRODUCT_BUNDLE_IDENTIFIER = VladShilov.MyWeather;
				PRODUCT_NAME = "$(TARGET_NAME)";
				SWIFT_VERSION = 3.0;
			};
			name = Release;
		};
		A01CD4A41F1658CE0024519C /* Debug */ = {
			isa = XCBuildConfiguration;
			baseConfigurationReference = 8B62967D70E04E60A8F0EEB1 /* Pods-MyWeatherTests.debug.xcconfig */;
			buildSettings = {
				ALWAYS_EMBED_SWIFT_STANDARD_LIBRARIES = YES;
				BUNDLE_LOADER = "$(TEST_HOST)";
				INFOPLIST_FILE = MyWeatherTests/Info.plist;
				LD_RUNPATH_SEARCH_PATHS = "$(inherited) @executable_path/Frameworks @loader_path/Frameworks";
				PRODUCT_BUNDLE_IDENTIFIER = VladShilov.MyWeatherTests;
				PRODUCT_NAME = "$(TARGET_NAME)";
				SWIFT_VERSION = 3.0;
				TEST_HOST = "$(BUILT_PRODUCTS_DIR)/MyWeather.app/MyWeather";
			};
			name = Debug;
		};
		A01CD4A51F1658CE0024519C /* Release */ = {
			isa = XCBuildConfiguration;
			baseConfigurationReference = 52E23DF7A90A8B04E62E59C4 /* Pods-MyWeatherTests.release.xcconfig */;
			buildSettings = {
				ALWAYS_EMBED_SWIFT_STANDARD_LIBRARIES = YES;
				BUNDLE_LOADER = "$(TEST_HOST)";
				INFOPLIST_FILE = MyWeatherTests/Info.plist;
				LD_RUNPATH_SEARCH_PATHS = "$(inherited) @executable_path/Frameworks @loader_path/Frameworks";
				PRODUCT_BUNDLE_IDENTIFIER = VladShilov.MyWeatherTests;
				PRODUCT_NAME = "$(TARGET_NAME)";
				SWIFT_VERSION = 3.0;
				TEST_HOST = "$(BUILT_PRODUCTS_DIR)/MyWeather.app/MyWeather";
			};
			name = Release;
		};
		A01CD4A71F1658CE0024519C /* Debug */ = {
			isa = XCBuildConfiguration;
			baseConfigurationReference = FCA2F2BD37321C5380B47BF4 /* Pods-MyWeatherUITests.debug.xcconfig */;
			buildSettings = {
				ALWAYS_EMBED_SWIFT_STANDARD_LIBRARIES = YES;
				INFOPLIST_FILE = MyWeatherUITests/Info.plist;
				LD_RUNPATH_SEARCH_PATHS = "$(inherited) @executable_path/Frameworks @loader_path/Frameworks";
				PRODUCT_BUNDLE_IDENTIFIER = VladShilov.MyWeatherUITests;
				PRODUCT_NAME = "$(TARGET_NAME)";
				SWIFT_VERSION = 3.0;
				TEST_TARGET_NAME = MyWeather;
			};
			name = Debug;
		};
		A01CD4A81F1658CE0024519C /* Release */ = {
			isa = XCBuildConfiguration;
			baseConfigurationReference = 97D06971D047389C052A65BB /* Pods-MyWeatherUITests.release.xcconfig */;
			buildSettings = {
				ALWAYS_EMBED_SWIFT_STANDARD_LIBRARIES = YES;
				INFOPLIST_FILE = MyWeatherUITests/Info.plist;
				LD_RUNPATH_SEARCH_PATHS = "$(inherited) @executable_path/Frameworks @loader_path/Frameworks";
				PRODUCT_BUNDLE_IDENTIFIER = VladShilov.MyWeatherUITests;
				PRODUCT_NAME = "$(TARGET_NAME)";
				SWIFT_VERSION = 3.0;
				TEST_TARGET_NAME = MyWeather;
			};
			name = Release;
		};
/* End XCBuildConfiguration section */

/* Begin XCConfigurationList section */
		A01CD4701F1658CE0024519C /* Build configuration list for PBXProject "MyWeather" */ = {
			isa = XCConfigurationList;
			buildConfigurations = (
				A01CD49E1F1658CE0024519C /* Debug */,
				A01CD49F1F1658CE0024519C /* Release */,
			);
			defaultConfigurationIsVisible = 0;
			defaultConfigurationName = Release;
		};
		A01CD4A01F1658CE0024519C /* Build configuration list for PBXNativeTarget "MyWeather" */ = {
			isa = XCConfigurationList;
			buildConfigurations = (
				A01CD4A11F1658CE0024519C /* Debug */,
				A01CD4A21F1658CE0024519C /* Release */,
			);
			defaultConfigurationIsVisible = 0;
			defaultConfigurationName = Release;
		};
		A01CD4A31F1658CE0024519C /* Build configuration list for PBXNativeTarget "MyWeatherTests" */ = {
			isa = XCConfigurationList;
			buildConfigurations = (
				A01CD4A41F1658CE0024519C /* Debug */,
				A01CD4A51F1658CE0024519C /* Release */,
			);
			defaultConfigurationIsVisible = 0;
			defaultConfigurationName = Release;
		};
		A01CD4A61F1658CE0024519C /* Build configuration list for PBXNativeTarget "MyWeatherUITests" */ = {
			isa = XCConfigurationList;
			buildConfigurations = (
				A01CD4A71F1658CE0024519C /* Debug */,
				A01CD4A81F1658CE0024519C /* Release */,
			);
			defaultConfigurationIsVisible = 0;
			defaultConfigurationName = Release;
		};
/* End XCConfigurationList section */

/* Begin XCVersionGroup section */
		A01CD47F1F1658CE0024519C /* MyWeather.xcdatamodeld */ = {
			isa = XCVersionGroup;
			children = (
				A01CD4801F1658CE0024519C /* MyWeather.xcdatamodel */,
			);
			currentVersion = A01CD4801F1658CE0024519C /* MyWeather.xcdatamodel */;
			path = MyWeather.xcdatamodeld;
			sourceTree = "<group>";
			versionGroupType = wrapper.xcdatamodel;
		};
/* End XCVersionGroup section */
	};
	rootObject = A01CD46D1F1658CE0024519C /* Project object */;
}
